
Microsoft Visual Studio Solution File, Format Version 12.00
Project("{FAE04EC0-301F-11D3-BF4B-00C04F79EFBC}") = "State", "State\State.csproj", "{A76C8D00-630C-4AB8-94F3-765612BB3F74}"
EndProject
Global
	GlobalSection(SolutionConfigurationPlatforms) = preSolution
		Debug|Any CPU = Debug|Any CPU
		Release|Any CPU = Release|Any CPU
	EndGlobalSection
	GlobalSection(ProjectConfigurationPlatforms) = postSolution
		{A76C8D00-630C-4AB8-94F3-765612BB3F74}.Debug|Any CPU.ActiveCfg = Debug|Any CPU
		{A76C8D00-630C-4AB8-94F3-765612BB3F74}.Debug|Any CPU.Build.0 = Debug|Any CPU
		{A76C8D00-630C-4AB8-94F3-765612BB3F74}.Release|Any CPU.ActiveCfg = Release|Any CPU
		{A76C8D00-630C-4AB8-94F3-765612BB3F74}.Release|Any CPU.Build.0 = Release|Any CPU
	EndGlobalSection
EndGlobal
