
Microsoft Visual Studio Solution File, Format Version 12.00
Project("{FAE04EC0-301F-11D3-BF4B-00C04F79EFBC}") = "LINQXML", "LINQXML.csproj", "{A42B9505-D342-419A-A681-434C2DA217FF}"
EndProject
Global
	GlobalSection(SolutionConfigurationPlatforms) = preSolution
		Debug|Any CPU = Debug|Any CPU
		Release|Any CPU = Release|Any CPU
	EndGlobalSection
	GlobalSection(ProjectConfigurationPlatforms) = postSolution
		{A42B9505-D342-419A-A681-434C2DA217FF}.Debug|Any CPU.ActiveCfg = Debug|Any CPU
		{A42B9505-D342-419A-A681-434C2DA217FF}.Debug|Any CPU.Build.0 = Debug|Any CPU
		{A42B9505-D342-419A-A681-434C2DA217FF}.Release|Any CPU.ActiveCfg = Release|Any CPU
		{A42B9505-D342-419A-A681-434C2DA217FF}.Release|Any CPU.Build.0 = Release|Any CPU
	EndGlobalSection
EndGlobal
